// !$*UTF8*$!
{
	archiveVersion = 1;
	classes = {
	};
	objectVersion = 54;
	objects = {

/* Begin PBXBuildFile section */
		00E356F31AD99517003FC87E /* fitnessAppTests.m in Sources */ = {isa = PBXBuildFile; fileRef = 00E356F21AD99517003FC87E /* fitnessAppTests.m */; };
		0C80B921A6F3F58F76C31292 /* libPods-fitnessApp.a in Frameworks */ = {isa = PBXBuildFile; fileRef = 5DCACB8F33CDC322A6C60F78 /* libPods-fitnessApp.a */; };
		13B07FBC1A68108700A75B9A /* AppDelegate.mm in Sources */ = {isa = PBXBuildFile; fileRef = 13B07FB01A68108700A75B9A /* AppDelegate.mm */; };
		13B07FBF1A68108700A75B9A /* Images.xcassets in Resources */ = {isa = PBXBuildFile; fileRef = 13B07FB51A68108700A75B9A /* Images.xcassets */; };
		13B07FC11A68108700A75B9A /* main.m in Sources */ = {isa = PBXBuildFile; fileRef = 13B07FB71A68108700A75B9A /* main.m */; };
		7699B88040F8A987B510C191 /* libPods-fitnessApp-fitnessAppTests.a in Frameworks */ = {isa = PBXBuildFile; fileRef = 19F6CBCC0A4E27FBF8BF4A61 /* libPods-fitnessApp-fitnessAppTests.a */; };
		81AB9BB82411601600AC10FF /* LaunchScreen.storyboard in Resources */ = {isa = PBXBuildFile; fileRef = 81AB9BB72411601600AC10FF /* LaunchScreen.storyboard */; };
		896294585F48408684510E02 /* Inter_18pt-Black.ttf in Resources */ = {isa = PBXBuildFile; fileRef = 514690D928C54EFEB66E0A50 /* Inter_18pt-Black.ttf */; };
		0B9BE000A8904B5CB90D2214 /* Inter_18pt-BlackItalic.ttf in Resources */ = {isa = PBXBuildFile; fileRef = E3CB5630FC954F42A33B9348 /* Inter_18pt-BlackItalic.ttf */; };
		3E157CC108F340EFBD78C59F /* Inter_18pt-Bold.ttf in Resources */ = {isa = PBXBuildFile; fileRef = 91C8DD34436E40BD85E443BF /* Inter_18pt-Bold.ttf */; };
		876F982B0A8B41EAB07FC928 /* Inter_18pt-BoldItalic.ttf in Resources */ = {isa = PBXBuildFile; fileRef = 79716772E3924797BAAEB72A /* Inter_18pt-BoldItalic.ttf */; };
		1A65FD4FCB47479693F53E10 /* Inter_18pt-ExtraBold.ttf in Resources */ = {isa = PBXBuildFile; fileRef = AC644A389AEE4FC4B53DA5A7 /* Inter_18pt-ExtraBold.ttf */; };
		20B5D7C186494773B838FAC5 /* Inter_18pt-ExtraBoldItalic.ttf in Resources */ = {isa = PBXBuildFile; fileRef = 210AFAEE047E4595A0285A92 /* Inter_18pt-ExtraBoldItalic.ttf */; };
		DE4AB308B0A44E0BAE10E992 /* Inter_18pt-ExtraLight.ttf in Resources */ = {isa = PBXBuildFile; fileRef = 503D94C04717414ABE891700 /* Inter_18pt-ExtraLight.ttf */; };
		D7D931FA81F844578B6745BF /* Inter_18pt-ExtraLightItalic.ttf in Resources */ = {isa = PBXBuildFile; fileRef = EAC434B42BA048A78309429F /* Inter_18pt-ExtraLightItalic.ttf */; };
		C0A13193A53F42E497CAEDC3 /* Inter_18pt-Italic.ttf in Resources */ = {isa = PBXBuildFile; fileRef = 0EC0A4BFEAC74BC38C86CACB /* Inter_18pt-Italic.ttf */; };
		DFED400334384CFAAEBE0885 /* Inter_18pt-Light.ttf in Resources */ = {isa = PBXBuildFile; fileRef = C42BF222DFC84F5F87CFE796 /* Inter_18pt-Light.ttf */; };
		7EECDDAD224D4C6E9F8E6A62 /* Inter_18pt-LightItalic.ttf in Resources */ = {isa = PBXBuildFile; fileRef = F509DD136D6D478D9C4B060D /* Inter_18pt-LightItalic.ttf */; };
		AFB226CCDE1B4BE2BEABE257 /* Inter_18pt-Medium.ttf in Resources */ = {isa = PBXBuildFile; fileRef = A46736ACF3134BF793B6CC96 /* Inter_18pt-Medium.ttf */; };
		BBD8D6FB18004CBD8D4290F6 /* Inter_18pt-MediumItalic.ttf in Resources */ = {isa = PBXBuildFile; fileRef = 3CA8743DDEAC48A19CDB41AA /* Inter_18pt-MediumItalic.ttf */; };
		670849E99FAA4FB4970DC48B /* Inter_18pt-Regular.ttf in Resources */ = {isa = PBXBuildFile; fileRef = 2F0BE2D0CE264D86BBEF783A /* Inter_18pt-Regular.ttf */; };
		5E3FD2405BD54D4D9B02BA8C /* Inter_18pt-SemiBold.ttf in Resources */ = {isa = PBXBuildFile; fileRef = B9CA5A7A59204103841DC2DB /* Inter_18pt-SemiBold.ttf */; };
		43836B7703DC42709D592E6D /* Inter_18pt-SemiBoldItalic.ttf in Resources */ = {isa = PBXBuildFile; fileRef = A3E49D7087FD4F6AB8061753 /* Inter_18pt-SemiBoldItalic.ttf */; };
		A6519603D55545488B300E7F /* Inter_18pt-Thin.ttf in Resources */ = {isa = PBXBuildFile; fileRef = FA1AA5C38E89488EA1F5F332 /* Inter_18pt-Thin.ttf */; };
		7928E0EB72A2416E8A08182B /* Inter_18pt-ThinItalic.ttf in Resources */ = {isa = PBXBuildFile; fileRef = A2577BBAC158405B93DA6ED8 /* Inter_18pt-ThinItalic.ttf */; };
		0B24F7A87544493C8856BCA6 /* Inter_24pt-Black.ttf in Resources */ = {isa = PBXBuildFile; fileRef = EEB8BD07693F47D6988872BC /* Inter_24pt-Black.ttf */; };
		BC7D5429433B4D19A3A8DC73 /* Inter_24pt-BlackItalic.ttf in Resources */ = {isa = PBXBuildFile; fileRef = E1ADB0D42BB24DCCAF1D330F /* Inter_24pt-BlackItalic.ttf */; };
		7F6DBAEF27E7433C957DEC8F /* Inter_24pt-Bold.ttf in Resources */ = {isa = PBXBuildFile; fileRef = 59F1D16BBE6841C1BE8FEA9E /* Inter_24pt-Bold.ttf */; };
		A5C4289BD0CF4522905652C7 /* Inter_24pt-BoldItalic.ttf in Resources */ = {isa = PBXBuildFile; fileRef = 394C7A045A0C43A1877A5D42 /* Inter_24pt-BoldItalic.ttf */; };
		BA82537EDA92492FA35D4EA9 /* Inter_24pt-ExtraBold.ttf in Resources */ = {isa = PBXBuildFile; fileRef = 46433D991A4D448CA99A5335 /* Inter_24pt-ExtraBold.ttf */; };
		94CEE15EB51441C193543B64 /* Inter_24pt-ExtraBoldItalic.ttf in Resources */ = {isa = PBXBuildFile; fileRef = 88DA7676851441D5B0B87318 /* Inter_24pt-ExtraBoldItalic.ttf */; };
		5EAE3784B67D4FBE9F7714C8 /* Inter_24pt-ExtraLight.ttf in Resources */ = {isa = PBXBuildFile; fileRef = E01560BC203F45C0B32074FC /* Inter_24pt-ExtraLight.ttf */; };
		47954CD3B28F48FB99072AF5 /* Inter_24pt-ExtraLightItalic.ttf in Resources */ = {isa = PBXBuildFile; fileRef = ED454204A151413A896F90F5 /* Inter_24pt-ExtraLightItalic.ttf */; };
		F57B713B872244E58C699FBD /* Inter_24pt-Italic.ttf in Resources */ = {isa = PBXBuildFile; fileRef = 0821581BE9364F0486E17A76 /* Inter_24pt-Italic.ttf */; };
		6F98A564B2184AC990FF1E67 /* Inter_24pt-Light.ttf in Resources */ = {isa = PBXBuildFile; fileRef = AA3BA8125B6340AA952EEF11 /* Inter_24pt-Light.ttf */; };
		74BAD9E85D9A48B088B2CB0E /* Inter_24pt-LightItalic.ttf in Resources */ = {isa = PBXBuildFile; fileRef = 1E37B93E56804107A49C1F4B /* Inter_24pt-LightItalic.ttf */; };
		B14AB56AF120401C8CBE7F09 /* Inter_24pt-Medium.ttf in Resources */ = {isa = PBXBuildFile; fileRef = 65DA7DACD5A5445C9161B37F /* Inter_24pt-Medium.ttf */; };
		F0AF391A745D4D029827188D /* Inter_24pt-MediumItalic.ttf in Resources */ = {isa = PBXBuildFile; fileRef = A57BAA4EA43346C4815B618C /* Inter_24pt-MediumItalic.ttf */; };
		3C25F41C83EA4940AF9E16E9 /* Inter_24pt-Regular.ttf in Resources */ = {isa = PBXBuildFile; fileRef = 147E8B8841074FFFAD7C7707 /* Inter_24pt-Regular.ttf */; };
		DFEAD31F444C4332835FC91A /* Inter_24pt-SemiBold.ttf in Resources */ = {isa = PBXBuildFile; fileRef = 4B7ED868C7494EE685008176 /* Inter_24pt-SemiBold.ttf */; };
		5EDF2B9F7A4A4937AD6F4256 /* Inter_24pt-SemiBoldItalic.ttf in Resources */ = {isa = PBXBuildFile; fileRef = 68E50BECD118495E97DF7E41 /* Inter_24pt-SemiBoldItalic.ttf */; };
		B1A52184FA214C2EADD845DB /* Inter_24pt-Thin.ttf in Resources */ = {isa = PBXBuildFile; fileRef = C87937A806DF44CEBE864938 /* Inter_24pt-Thin.ttf */; };
		1637537363FA4201900C194E /* Inter_24pt-ThinItalic.ttf in Resources */ = {isa = PBXBuildFile; fileRef = CCFE05E8C9634BF09BDA7059 /* Inter_24pt-ThinItalic.ttf */; };
		7DCBF461D7FD448C9F6D94DE /* Inter_28pt-Black.ttf in Resources */ = {isa = PBXBuildFile; fileRef = 228A50B9E57C4285B3D29096 /* Inter_28pt-Black.ttf */; };
		7008324978F34BDBBA6A8127 /* Inter_28pt-BlackItalic.ttf in Resources */ = {isa = PBXBuildFile; fileRef = 6064C78C59B746B7929EAFE2 /* Inter_28pt-BlackItalic.ttf */; };
		0AD691457DBD4791B8E43D2B /* Inter_28pt-Bold.ttf in Resources */ = {isa = PBXBuildFile; fileRef = C148689F73DE481DA718BB3E /* Inter_28pt-Bold.ttf */; };
		B40A5C397E7740DBA681B7DE /* Inter_28pt-BoldItalic.ttf in Resources */ = {isa = PBXBuildFile; fileRef = 77B60A50699C46568922CFEA /* Inter_28pt-BoldItalic.ttf */; };
		AE8D5B86FB4C405689E58D76 /* Inter_28pt-ExtraBold.ttf in Resources */ = {isa = PBXBuildFile; fileRef = BCB33A06CC464144BF17834B /* Inter_28pt-ExtraBold.ttf */; };
		40457157EED648AC99D3EE18 /* Inter_28pt-ExtraBoldItalic.ttf in Resources */ = {isa = PBXBuildFile; fileRef = 15B422788948416791C7AE37 /* Inter_28pt-ExtraBoldItalic.ttf */; };
		B1253A8D79FF4BDDB121BE42 /* Inter_28pt-ExtraLight.ttf in Resources */ = {isa = PBXBuildFile; fileRef = 12902B37E8B242D7A3D2955A /* Inter_28pt-ExtraLight.ttf */; };
		02A17000C26642D0B0999E8B /* Inter_28pt-ExtraLightItalic.ttf in Resources */ = {isa = PBXBuildFile; fileRef = CC8A2A2404F24141BC037FD5 /* Inter_28pt-ExtraLightItalic.ttf */; };
		3850EA7A5DC64E80B2A7591A /* Inter_28pt-Italic.ttf in Resources */ = {isa = PBXBuildFile; fileRef = A600418C790843EC88D3823C /* Inter_28pt-Italic.ttf */; };
		E7BA3E3C9EE64F71AD579DAB /* Inter_28pt-Light.ttf in Resources */ = {isa = PBXBuildFile; fileRef = 822324533D3B42E2ABF2B341 /* Inter_28pt-Light.ttf */; };
		750E6367A3274FB5B23E214C /* Inter_28pt-LightItalic.ttf in Resources */ = {isa = PBXBuildFile; fileRef = 64B5C5BF2C4B40499C077D41 /* Inter_28pt-LightItalic.ttf */; };
		4206EC036CA6483D84BA460B /* Inter_28pt-Medium.ttf in Resources */ = {isa = PBXBuildFile; fileRef = 7973AA42DF0541C3889496BC /* Inter_28pt-Medium.ttf */; };
		EFFD6EB2DE0545B58002FA0B /* Inter_28pt-MediumItalic.ttf in Resources */ = {isa = PBXBuildFile; fileRef = 04E50360611C402CBFE8DB7F /* Inter_28pt-MediumItalic.ttf */; };
		76EDACA9AE564FF182A058F2 /* Inter_28pt-Regular.ttf in Resources */ = {isa = PBXBuildFile; fileRef = 3770F7B1375D4544BA81A751 /* Inter_28pt-Regular.ttf */; };
		07B1D102FEFB48BBA0F5F5D8 /* Inter_28pt-SemiBold.ttf in Resources */ = {isa = PBXBuildFile; fileRef = 949BDB55741D45F29EC55C63 /* Inter_28pt-SemiBold.ttf */; };
		2505C8812BA742279CF2A9DC /* Inter_28pt-SemiBoldItalic.ttf in Resources */ = {isa = PBXBuildFile; fileRef = A1C724C3697A45BAA664236C /* Inter_28pt-SemiBoldItalic.ttf */; };
		47D1444ADCA449A883583D03 /* Inter_28pt-Thin.ttf in Resources */ = {isa = PBXBuildFile; fileRef = EE1C351794814CFBB8AD087C /* Inter_28pt-Thin.ttf */; };
		F064365C15174ED8B76EC7BC /* Inter_28pt-ThinItalic.ttf in Resources */ = {isa = PBXBuildFile; fileRef = 36EEE3693C6E42DAB1B35CD9 /* Inter_28pt-ThinItalic.ttf */; };
		52EE0EC296F34218BEA26F62 /* fontHelper.js in Resources */ = {isa = PBXBuildFile; fileRef = 4E0A0F16706B464783B65051 /* fontHelper.js */; };
/* End PBXBuildFile section */

/* Begin PBXContainerItemProxy section */
		00E356F41AD99517003FC87E /* PBXContainerItemProxy */ = {
			isa = PBXContainerItemProxy;
			containerPortal = 83CBB9F71A601CBA00E9B192 /* Project object */;
			proxyType = 1;
			remoteGlobalIDString = 13B07F861A680F5B00A75B9A;
			remoteInfo = fitnessApp;
		};
/* End PBXContainerItemProxy section */

/* Begin PBXFileReference section */
		00E356EE1AD99517003FC87E /* fitnessAppTests.xctest */ = {isa = PBXFileReference; explicitFileType = wrapper.cfbundle; includeInIndex = 0; path = fitnessAppTests.xctest; sourceTree = BUILT_PRODUCTS_DIR; };
		00E356F11AD99517003FC87E /* Info.plist */ = {isa = PBXFileReference; lastKnownFileType = text.plist.xml; path = Info.plist; sourceTree = "<group>"; };
		00E356F21AD99517003FC87E /* fitnessAppTests.m */ = {isa = PBXFileReference; lastKnownFileType = sourcecode.c.objc; path = fitnessAppTests.m; sourceTree = "<group>"; };
		13B07F961A680F5B00A75B9A /* fitnessApp.app */ = {isa = PBXFileReference; explicitFileType = wrapper.application; includeInIndex = 0; path = fitnessApp.app; sourceTree = BUILT_PRODUCTS_DIR; };
		13B07FAF1A68108700A75B9A /* AppDelegate.h */ = {isa = PBXFileReference; fileEncoding = 4; lastKnownFileType = sourcecode.c.h; name = AppDelegate.h; path = fitnessApp/AppDelegate.h; sourceTree = "<group>"; };
		13B07FB01A68108700A75B9A /* AppDelegate.mm */ = {isa = PBXFileReference; fileEncoding = 4; lastKnownFileType = sourcecode.cpp.objcpp; name = AppDelegate.mm; path = fitnessApp/AppDelegate.mm; sourceTree = "<group>"; };
		13B07FB51A68108700A75B9A /* Images.xcassets */ = {isa = PBXFileReference; lastKnownFileType = folder.assetcatalog; name = Images.xcassets; path = fitnessApp/Images.xcassets; sourceTree = "<group>"; };
		13B07FB61A68108700A75B9A /* Info.plist */ = {isa = PBXFileReference; fileEncoding = 4; lastKnownFileType = text.plist.xml; name = Info.plist; path = fitnessApp/Info.plist; sourceTree = "<group>"; };
		13B07FB71A68108700A75B9A /* main.m */ = {isa = PBXFileReference; fileEncoding = 4; lastKnownFileType = sourcecode.c.objc; name = main.m; path = fitnessApp/main.m; sourceTree = "<group>"; };
		13B07FB81A68108700A75B9A /* PrivacyInfo.xcprivacy */ = {isa = PBXFileReference; fileEncoding = 4; lastKnownFileType = text.plist.xml; name = PrivacyInfo.xcprivacy; path = fitnessApp/PrivacyInfo.xcprivacy; sourceTree = "<group>"; };
		19F6CBCC0A4E27FBF8BF4A61 /* libPods-fitnessApp-fitnessAppTests.a */ = {isa = PBXFileReference; explicitFileType = archive.ar; includeInIndex = 0; path = "libPods-fitnessApp-fitnessAppTests.a"; sourceTree = BUILT_PRODUCTS_DIR; };
		3B4392A12AC88292D35C810B /* Pods-fitnessApp.debug.xcconfig */ = {isa = PBXFileReference; includeInIndex = 1; lastKnownFileType = text.xcconfig; name = "Pods-fitnessApp.debug.xcconfig"; path = "Target Support Files/Pods-fitnessApp/Pods-fitnessApp.debug.xcconfig"; sourceTree = "<group>"; };
		5709B34CF0A7D63546082F79 /* Pods-fitnessApp.release.xcconfig */ = {isa = PBXFileReference; includeInIndex = 1; lastKnownFileType = text.xcconfig; name = "Pods-fitnessApp.release.xcconfig"; path = "Target Support Files/Pods-fitnessApp/Pods-fitnessApp.release.xcconfig"; sourceTree = "<group>"; };
		5B7EB9410499542E8C5724F5 /* Pods-fitnessApp-fitnessAppTests.debug.xcconfig */ = {isa = PBXFileReference; includeInIndex = 1; lastKnownFileType = text.xcconfig; name = "Pods-fitnessApp-fitnessAppTests.debug.xcconfig"; path = "Target Support Files/Pods-fitnessApp-fitnessAppTests/Pods-fitnessApp-fitnessAppTests.debug.xcconfig"; sourceTree = "<group>"; };
		5DCACB8F33CDC322A6C60F78 /* libPods-fitnessApp.a */ = {isa = PBXFileReference; explicitFileType = archive.ar; includeInIndex = 0; path = "libPods-fitnessApp.a"; sourceTree = BUILT_PRODUCTS_DIR; };
		81AB9BB72411601600AC10FF /* LaunchScreen.storyboard */ = {isa = PBXFileReference; fileEncoding = 4; lastKnownFileType = file.storyboard; name = LaunchScreen.storyboard; path = fitnessApp/LaunchScreen.storyboard; sourceTree = "<group>"; };
		89C6BE57DB24E9ADA2F236DE /* Pods-fitnessApp-fitnessAppTests.release.xcconfig */ = {isa = PBXFileReference; includeInIndex = 1; lastKnownFileType = text.xcconfig; name = "Pods-fitnessApp-fitnessAppTests.release.xcconfig"; path = "Target Support Files/Pods-fitnessApp-fitnessAppTests/Pods-fitnessApp-fitnessAppTests.release.xcconfig"; sourceTree = "<group>"; };
		ED297162215061F000B7C4FE /* JavaScriptCore.framework */ = {isa = PBXFileReference; lastKnownFileType = wrapper.framework; name = JavaScriptCore.framework; path = System/Library/Frameworks/JavaScriptCore.framework; sourceTree = SDKROOT; };
		514690D928C54EFEB66E0A50 /* Inter_18pt-Black.ttf */ = {isa = PBXFileReference; name = "Inter_18pt-Black.ttf"; path = "../assets/fonts/Inter_18pt-Black.ttf"; sourceTree = "<group>"; fileEncoding = undefined; lastKnownFileType = unknown; explicitFileType = undefined; includeInIndex = 0; };
		E3CB5630FC954F42A33B9348 /* Inter_18pt-BlackItalic.ttf */ = {isa = PBXFileReference; name = "Inter_18pt-BlackItalic.ttf"; path = "../assets/fonts/Inter_18pt-BlackItalic.ttf"; sourceTree = "<group>"; fileEncoding = undefined; lastKnownFileType = unknown; explicitFileType = undefined; includeInIndex = 0; };
		91C8DD34436E40BD85E443BF /* Inter_18pt-Bold.ttf */ = {isa = PBXFileReference; name = "Inter_18pt-Bold.ttf"; path = "../assets/fonts/Inter_18pt-Bold.ttf"; sourceTree = "<group>"; fileEncoding = undefined; lastKnownFileType = unknown; explicitFileType = undefined; includeInIndex = 0; };
		79716772E3924797BAAEB72A /* Inter_18pt-BoldItalic.ttf */ = {isa = PBXFileReference; name = "Inter_18pt-BoldItalic.ttf"; path = "../assets/fonts/Inter_18pt-BoldItalic.ttf"; sourceTree = "<group>"; fileEncoding = undefined; lastKnownFileType = unknown; explicitFileType = undefined; includeInIndex = 0; };
		AC644A389AEE4FC4B53DA5A7 /* Inter_18pt-ExtraBold.ttf */ = {isa = PBXFileReference; name = "Inter_18pt-ExtraBold.ttf"; path = "../assets/fonts/Inter_18pt-ExtraBold.ttf"; sourceTree = "<group>"; fileEncoding = undefined; lastKnownFileType = unknown; explicitFileType = undefined; includeInIndex = 0; };
		210AFAEE047E4595A0285A92 /* Inter_18pt-ExtraBoldItalic.ttf */ = {isa = PBXFileReference; name = "Inter_18pt-ExtraBoldItalic.ttf"; path = "../assets/fonts/Inter_18pt-ExtraBoldItalic.ttf"; sourceTree = "<group>"; fileEncoding = undefined; lastKnownFileType = unknown; explicitFileType = undefined; includeInIndex = 0; };
		503D94C04717414ABE891700 /* Inter_18pt-ExtraLight.ttf */ = {isa = PBXFileReference; name = "Inter_18pt-ExtraLight.ttf"; path = "../assets/fonts/Inter_18pt-ExtraLight.ttf"; sourceTree = "<group>"; fileEncoding = undefined; lastKnownFileType = unknown; explicitFileType = undefined; includeInIndex = 0; };
		EAC434B42BA048A78309429F /* Inter_18pt-ExtraLightItalic.ttf */ = {isa = PBXFileReference; name = "Inter_18pt-ExtraLightItalic.ttf"; path = "../assets/fonts/Inter_18pt-ExtraLightItalic.ttf"; sourceTree = "<group>"; fileEncoding = undefined; lastKnownFileType = unknown; explicitFileType = undefined; includeInIndex = 0; };
		0EC0A4BFEAC74BC38C86CACB /* Inter_18pt-Italic.ttf */ = {isa = PBXFileReference; name = "Inter_18pt-Italic.ttf"; path = "../assets/fonts/Inter_18pt-Italic.ttf"; sourceTree = "<group>"; fileEncoding = undefined; lastKnownFileType = unknown; explicitFileType = undefined; includeInIndex = 0; };
		C42BF222DFC84F5F87CFE796 /* Inter_18pt-Light.ttf */ = {isa = PBXFileReference; name = "Inter_18pt-Light.ttf"; path = "../assets/fonts/Inter_18pt-Light.ttf"; sourceTree = "<group>"; fileEncoding = undefined; lastKnownFileType = unknown; explicitFileType = undefined; includeInIndex = 0; };
		F509DD136D6D478D9C4B060D /* Inter_18pt-LightItalic.ttf */ = {isa = PBXFileReference; name = "Inter_18pt-LightItalic.ttf"; path = "../assets/fonts/Inter_18pt-LightItalic.ttf"; sourceTree = "<group>"; fileEncoding = undefined; lastKnownFileType = unknown; explicitFileType = undefined; includeInIndex = 0; };
		A46736ACF3134BF793B6CC96 /* Inter_18pt-Medium.ttf */ = {isa = PBXFileReference; name = "Inter_18pt-Medium.ttf"; path = "../assets/fonts/Inter_18pt-Medium.ttf"; sourceTree = "<group>"; fileEncoding = undefined; lastKnownFileType = unknown; explicitFileType = undefined; includeInIndex = 0; };
		3CA8743DDEAC48A19CDB41AA /* Inter_18pt-MediumItalic.ttf */ = {isa = PBXFileReference; name = "Inter_18pt-MediumItalic.ttf"; path = "../assets/fonts/Inter_18pt-MediumItalic.ttf"; sourceTree = "<group>"; fileEncoding = undefined; lastKnownFileType = unknown; explicitFileType = undefined; includeInIndex = 0; };
		2F0BE2D0CE264D86BBEF783A /* Inter_18pt-Regular.ttf */ = {isa = PBXFileReference; name = "Inter_18pt-Regular.ttf"; path = "../assets/fonts/Inter_18pt-Regular.ttf"; sourceTree = "<group>"; fileEncoding = undefined; lastKnownFileType = unknown; explicitFileType = undefined; includeInIndex = 0; };
		B9CA5A7A59204103841DC2DB /* Inter_18pt-SemiBold.ttf */ = {isa = PBXFileReference; name = "Inter_18pt-SemiBold.ttf"; path = "../assets/fonts/Inter_18pt-SemiBold.ttf"; sourceTree = "<group>"; fileEncoding = undefined; lastKnownFileType = unknown; explicitFileType = undefined; includeInIndex = 0; };
		A3E49D7087FD4F6AB8061753 /* Inter_18pt-SemiBoldItalic.ttf */ = {isa = PBXFileReference; name = "Inter_18pt-SemiBoldItalic.ttf"; path = "../assets/fonts/Inter_18pt-SemiBoldItalic.ttf"; sourceTree = "<group>"; fileEncoding = undefined; lastKnownFileType = unknown; explicitFileType = undefined; includeInIndex = 0; };
		FA1AA5C38E89488EA1F5F332 /* Inter_18pt-Thin.ttf */ = {isa = PBXFileReference; name = "Inter_18pt-Thin.ttf"; path = "../assets/fonts/Inter_18pt-Thin.ttf"; sourceTree = "<group>"; fileEncoding = undefined; lastKnownFileType = unknown; explicitFileType = undefined; includeInIndex = 0; };
		A2577BBAC158405B93DA6ED8 /* Inter_18pt-ThinItalic.ttf */ = {isa = PBXFileReference; name = "Inter_18pt-ThinItalic.ttf"; path = "../assets/fonts/Inter_18pt-ThinItalic.ttf"; sourceTree = "<group>"; fileEncoding = undefined; lastKnownFileType = unknown; explicitFileType = undefined; includeInIndex = 0; };
		EEB8BD07693F47D6988872BC /* Inter_24pt-Black.ttf */ = {isa = PBXFileReference; name = "Inter_24pt-Black.ttf"; path = "../assets/fonts/Inter_24pt-Black.ttf"; sourceTree = "<group>"; fileEncoding = undefined; lastKnownFileType = unknown; explicitFileType = undefined; includeInIndex = 0; };
		E1ADB0D42BB24DCCAF1D330F /* Inter_24pt-BlackItalic.ttf */ = {isa = PBXFileReference; name = "Inter_24pt-BlackItalic.ttf"; path = "../assets/fonts/Inter_24pt-BlackItalic.ttf"; sourceTree = "<group>"; fileEncoding = undefined; lastKnownFileType = unknown; explicitFileType = undefined; includeInIndex = 0; };
		59F1D16BBE6841C1BE8FEA9E /* Inter_24pt-Bold.ttf */ = {isa = PBXFileReference; name = "Inter_24pt-Bold.ttf"; path = "../assets/fonts/Inter_24pt-Bold.ttf"; sourceTree = "<group>"; fileEncoding = undefined; lastKnownFileType = unknown; explicitFileType = undefined; includeInIndex = 0; };
		394C7A045A0C43A1877A5D42 /* Inter_24pt-BoldItalic.ttf */ = {isa = PBXFileReference; name = "Inter_24pt-BoldItalic.ttf"; path = "../assets/fonts/Inter_24pt-BoldItalic.ttf"; sourceTree = "<group>"; fileEncoding = undefined; lastKnownFileType = unknown; explicitFileType = undefined; includeInIndex = 0; };
		46433D991A4D448CA99A5335 /* Inter_24pt-ExtraBold.ttf */ = {isa = PBXFileReference; name = "Inter_24pt-ExtraBold.ttf"; path = "../assets/fonts/Inter_24pt-ExtraBold.ttf"; sourceTree = "<group>"; fileEncoding = undefined; lastKnownFileType = unknown; explicitFileType = undefined; includeInIndex = 0; };
		88DA7676851441D5B0B87318 /* Inter_24pt-ExtraBoldItalic.ttf */ = {isa = PBXFileReference; name = "Inter_24pt-ExtraBoldItalic.ttf"; path = "../assets/fonts/Inter_24pt-ExtraBoldItalic.ttf"; sourceTree = "<group>"; fileEncoding = undefined; lastKnownFileType = unknown; explicitFileType = undefined; includeInIndex = 0; };
		E01560BC203F45C0B32074FC /* Inter_24pt-ExtraLight.ttf */ = {isa = PBXFileReference; name = "Inter_24pt-ExtraLight.ttf"; path = "../assets/fonts/Inter_24pt-ExtraLight.ttf"; sourceTree = "<group>"; fileEncoding = undefined; lastKnownFileType = unknown; explicitFileType = undefined; includeInIndex = 0; };
		ED454204A151413A896F90F5 /* Inter_24pt-ExtraLightItalic.ttf */ = {isa = PBXFileReference; name = "Inter_24pt-ExtraLightItalic.ttf"; path = "../assets/fonts/Inter_24pt-ExtraLightItalic.ttf"; sourceTree = "<group>"; fileEncoding = undefined; lastKnownFileType = unknown; explicitFileType = undefined; includeInIndex = 0; };
		0821581BE9364F0486E17A76 /* Inter_24pt-Italic.ttf */ = {isa = PBXFileReference; name = "Inter_24pt-Italic.ttf"; path = "../assets/fonts/Inter_24pt-Italic.ttf"; sourceTree = "<group>"; fileEncoding = undefined; lastKnownFileType = unknown; explicitFileType = undefined; includeInIndex = 0; };
		AA3BA8125B6340AA952EEF11 /* Inter_24pt-Light.ttf */ = {isa = PBXFileReference; name = "Inter_24pt-Light.ttf"; path = "../assets/fonts/Inter_24pt-Light.ttf"; sourceTree = "<group>"; fileEncoding = undefined; lastKnownFileType = unknown; explicitFileType = undefined; includeInIndex = 0; };
		1E37B93E56804107A49C1F4B /* Inter_24pt-LightItalic.ttf */ = {isa = PBXFileReference; name = "Inter_24pt-LightItalic.ttf"; path = "../assets/fonts/Inter_24pt-LightItalic.ttf"; sourceTree = "<group>"; fileEncoding = undefined; lastKnownFileType = unknown; explicitFileType = undefined; includeInIndex = 0; };
		65DA7DACD5A5445C9161B37F /* Inter_24pt-Medium.ttf */ = {isa = PBXFileReference; name = "Inter_24pt-Medium.ttf"; path = "../assets/fonts/Inter_24pt-Medium.ttf"; sourceTree = "<group>"; fileEncoding = undefined; lastKnownFileType = unknown; explicitFileType = undefined; includeInIndex = 0; };
		A57BAA4EA43346C4815B618C /* Inter_24pt-MediumItalic.ttf */ = {isa = PBXFileReference; name = "Inter_24pt-MediumItalic.ttf"; path = "../assets/fonts/Inter_24pt-MediumItalic.ttf"; sourceTree = "<group>"; fileEncoding = undefined; lastKnownFileType = unknown; explicitFileType = undefined; includeInIndex = 0; };
		147E8B8841074FFFAD7C7707 /* Inter_24pt-Regular.ttf */ = {isa = PBXFileReference; name = "Inter_24pt-Regular.ttf"; path = "../assets/fonts/Inter_24pt-Regular.ttf"; sourceTree = "<group>"; fileEncoding = undefined; lastKnownFileType = unknown; explicitFileType = undefined; includeInIndex = 0; };
		4B7ED868C7494EE685008176 /* Inter_24pt-SemiBold.ttf */ = {isa = PBXFileReference; name = "Inter_24pt-SemiBold.ttf"; path = "../assets/fonts/Inter_24pt-SemiBold.ttf"; sourceTree = "<group>"; fileEncoding = undefined; lastKnownFileType = unknown; explicitFileType = undefined; includeInIndex = 0; };
		68E50BECD118495E97DF7E41 /* Inter_24pt-SemiBoldItalic.ttf */ = {isa = PBXFileReference; name = "Inter_24pt-SemiBoldItalic.ttf"; path = "../assets/fonts/Inter_24pt-SemiBoldItalic.ttf"; sourceTree = "<group>"; fileEncoding = undefined; lastKnownFileType = unknown; explicitFileType = undefined; includeInIndex = 0; };
		C87937A806DF44CEBE864938 /* Inter_24pt-Thin.ttf */ = {isa = PBXFileReference; name = "Inter_24pt-Thin.ttf"; path = "../assets/fonts/Inter_24pt-Thin.ttf"; sourceTree = "<group>"; fileEncoding = undefined; lastKnownFileType = unknown; explicitFileType = undefined; includeInIndex = 0; };
		CCFE05E8C9634BF09BDA7059 /* Inter_24pt-ThinItalic.ttf */ = {isa = PBXFileReference; name = "Inter_24pt-ThinItalic.ttf"; path = "../assets/fonts/Inter_24pt-ThinItalic.ttf"; sourceTree = "<group>"; fileEncoding = undefined; lastKnownFileType = unknown; explicitFileType = undefined; includeInIndex = 0; };
		228A50B9E57C4285B3D29096 /* Inter_28pt-Black.ttf */ = {isa = PBXFileReference; name = "Inter_28pt-Black.ttf"; path = "../assets/fonts/Inter_28pt-Black.ttf"; sourceTree = "<group>"; fileEncoding = undefined; lastKnownFileType = unknown; explicitFileType = undefined; includeInIndex = 0; };
		6064C78C59B746B7929EAFE2 /* Inter_28pt-BlackItalic.ttf */ = {isa = PBXFileReference; name = "Inter_28pt-BlackItalic.ttf"; path = "../assets/fonts/Inter_28pt-BlackItalic.ttf"; sourceTree = "<group>"; fileEncoding = undefined; lastKnownFileType = unknown; explicitFileType = undefined; includeInIndex = 0; };
		C148689F73DE481DA718BB3E /* Inter_28pt-Bold.ttf */ = {isa = PBXFileReference; name = "Inter_28pt-Bold.ttf"; path = "../assets/fonts/Inter_28pt-Bold.ttf"; sourceTree = "<group>"; fileEncoding = undefined; lastKnownFileType = unknown; explicitFileType = undefined; includeInIndex = 0; };
		77B60A50699C46568922CFEA /* Inter_28pt-BoldItalic.ttf */ = {isa = PBXFileReference; name = "Inter_28pt-BoldItalic.ttf"; path = "../assets/fonts/Inter_28pt-BoldItalic.ttf"; sourceTree = "<group>"; fileEncoding = undefined; lastKnownFileType = unknown; explicitFileType = undefined; includeInIndex = 0; };
		BCB33A06CC464144BF17834B /* Inter_28pt-ExtraBold.ttf */ = {isa = PBXFileReference; name = "Inter_28pt-ExtraBold.ttf"; path = "../assets/fonts/Inter_28pt-ExtraBold.ttf"; sourceTree = "<group>"; fileEncoding = undefined; lastKnownFileType = unknown; explicitFileType = undefined; includeInIndex = 0; };
		15B422788948416791C7AE37 /* Inter_28pt-ExtraBoldItalic.ttf */ = {isa = PBXFileReference; name = "Inter_28pt-ExtraBoldItalic.ttf"; path = "../assets/fonts/Inter_28pt-ExtraBoldItalic.ttf"; sourceTree = "<group>"; fileEncoding = undefined; lastKnownFileType = unknown; explicitFileType = undefined; includeInIndex = 0; };
		12902B37E8B242D7A3D2955A /* Inter_28pt-ExtraLight.ttf */ = {isa = PBXFileReference; name = "Inter_28pt-ExtraLight.ttf"; path = "../assets/fonts/Inter_28pt-ExtraLight.ttf"; sourceTree = "<group>"; fileEncoding = undefined; lastKnownFileType = unknown; explicitFileType = undefined; includeInIndex = 0; };
		CC8A2A2404F24141BC037FD5 /* Inter_28pt-ExtraLightItalic.ttf */ = {isa = PBXFileReference; name = "Inter_28pt-ExtraLightItalic.ttf"; path = "../assets/fonts/Inter_28pt-ExtraLightItalic.ttf"; sourceTree = "<group>"; fileEncoding = undefined; lastKnownFileType = unknown; explicitFileType = undefined; includeInIndex = 0; };
		A600418C790843EC88D3823C /* Inter_28pt-Italic.ttf */ = {isa = PBXFileReference; name = "Inter_28pt-Italic.ttf"; path = "../assets/fonts/Inter_28pt-Italic.ttf"; sourceTree = "<group>"; fileEncoding = undefined; lastKnownFileType = unknown; explicitFileType = undefined; includeInIndex = 0; };
		822324533D3B42E2ABF2B341 /* Inter_28pt-Light.ttf */ = {isa = PBXFileReference; name = "Inter_28pt-Light.ttf"; path = "../assets/fonts/Inter_28pt-Light.ttf"; sourceTree = "<group>"; fileEncoding = undefined; lastKnownFileType = unknown; explicitFileType = undefined; includeInIndex = 0; };
		64B5C5BF2C4B40499C077D41 /* Inter_28pt-LightItalic.ttf */ = {isa = PBXFileReference; name = "Inter_28pt-LightItalic.ttf"; path = "../assets/fonts/Inter_28pt-LightItalic.ttf"; sourceTree = "<group>"; fileEncoding = undefined; lastKnownFileType = unknown; explicitFileType = undefined; includeInIndex = 0; };
		7973AA42DF0541C3889496BC /* Inter_28pt-Medium.ttf */ = {isa = PBXFileReference; name = "Inter_28pt-Medium.ttf"; path = "../assets/fonts/Inter_28pt-Medium.ttf"; sourceTree = "<group>"; fileEncoding = undefined; lastKnownFileType = unknown; explicitFileType = undefined; includeInIndex = 0; };
		04E50360611C402CBFE8DB7F /* Inter_28pt-MediumItalic.ttf */ = {isa = PBXFileReference; name = "Inter_28pt-MediumItalic.ttf"; path = "../assets/fonts/Inter_28pt-MediumItalic.ttf"; sourceTree = "<group>"; fileEncoding = undefined; lastKnownFileType = unknown; explicitFileType = undefined; includeInIndex = 0; };
		3770F7B1375D4544BA81A751 /* Inter_28pt-Regular.ttf */ = {isa = PBXFileReference; name = "Inter_28pt-Regular.ttf"; path = "../assets/fonts/Inter_28pt-Regular.ttf"; sourceTree = "<group>"; fileEncoding = undefined; lastKnownFileType = unknown; explicitFileType = undefined; includeInIndex = 0; };
		949BDB55741D45F29EC55C63 /* Inter_28pt-SemiBold.ttf */ = {isa = PBXFileReference; name = "Inter_28pt-SemiBold.ttf"; path = "../assets/fonts/Inter_28pt-SemiBold.ttf"; sourceTree = "<group>"; fileEncoding = undefined; lastKnownFileType = unknown; explicitFileType = undefined; includeInIndex = 0; };
		A1C724C3697A45BAA664236C /* Inter_28pt-SemiBoldItalic.ttf */ = {isa = PBXFileReference; name = "Inter_28pt-SemiBoldItalic.ttf"; path = "../assets/fonts/Inter_28pt-SemiBoldItalic.ttf"; sourceTree = "<group>"; fileEncoding = undefined; lastKnownFileType = unknown; explicitFileType = undefined; includeInIndex = 0; };
		EE1C351794814CFBB8AD087C /* Inter_28pt-Thin.ttf */ = {isa = PBXFileReference; name = "Inter_28pt-Thin.ttf"; path = "../assets/fonts/Inter_28pt-Thin.ttf"; sourceTree = "<group>"; fileEncoding = undefined; lastKnownFileType = unknown; explicitFileType = undefined; includeInIndex = 0; };
		36EEE3693C6E42DAB1B35CD9 /* Inter_28pt-ThinItalic.ttf */ = {isa = PBXFileReference; name = "Inter_28pt-ThinItalic.ttf"; path = "../assets/fonts/Inter_28pt-ThinItalic.ttf"; sourceTree = "<group>"; fileEncoding = undefined; lastKnownFileType = unknown; explicitFileType = undefined; includeInIndex = 0; };
		4E0A0F16706B464783B65051 /* fontHelper.js */ = {isa = PBXFileReference; name = "fontHelper.js"; path = "../assets/fonts/fontHelper.js"; sourceTree = "<group>"; fileEncoding = undefined; lastKnownFileType = unknown; explicitFileType = undefined; includeInIndex = 0; };
/* End PBXFileReference section */

/* Begin PBXFrameworksBuildPhase section */
		00E356EB1AD99517003FC87E /* Frameworks */ = {
			isa = PBXFrameworksBuildPhase;
			buildActionMask = 2147483647;
			files = (
				7699B88040F8A987B510C191 /* libPods-fitnessApp-fitnessAppTests.a in Frameworks */,
			);
			runOnlyForDeploymentPostprocessing = 0;
		};
		13B07F8C1A680F5B00A75B9A /* Frameworks */ = {
			isa = PBXFrameworksBuildPhase;
			buildActionMask = 2147483647;
			files = (
				0C80B921A6F3F58F76C31292 /* libPods-fitnessApp.a in Frameworks */,
			);
			runOnlyForDeploymentPostprocessing = 0;
		};
/* End PBXFrameworksBuildPhase section */

/* Begin PBXGroup section */
		00E356EF1AD99517003FC87E /* fitnessAppTests */ = {
			isa = PBXGroup;
			children = (
				00E356F21AD99517003FC87E /* fitnessAppTests.m */,
				00E356F01AD99517003FC87E /* Supporting Files */,
			);
			path = fitnessAppTests;
			sourceTree = "<group>";
		};
		00E356F01AD99517003FC87E /* Supporting Files */ = {
			isa = PBXGroup;
			children = (
				00E356F11AD99517003FC87E /* Info.plist */,
			);
			name = "Supporting Files";
			sourceTree = "<group>";
		};
		13B07FAE1A68108700A75B9A /* fitnessApp */ = {
			isa = PBXGroup;
			children = (
				13B07FAF1A68108700A75B9A /* AppDelegate.h */,
				13B07FB01A68108700A75B9A /* AppDelegate.mm */,
				13B07FB51A68108700A75B9A /* Images.xcassets */,
				13B07FB61A68108700A75B9A /* Info.plist */,
				81AB9BB72411601600AC10FF /* LaunchScreen.storyboard */,
				13B07FB71A68108700A75B9A /* main.m */,
				13B07FB81A68108700A75B9A /* PrivacyInfo.xcprivacy */,
			);
			name = fitnessApp;
			sourceTree = "<group>";
		};
		2D16E6871FA4F8E400B85C8A /* Frameworks */ = {
			isa = PBXGroup;
			children = (
				ED297162215061F000B7C4FE /* JavaScriptCore.framework */,
				5DCACB8F33CDC322A6C60F78 /* libPods-fitnessApp.a */,
				19F6CBCC0A4E27FBF8BF4A61 /* libPods-fitnessApp-fitnessAppTests.a */,
			);
			name = Frameworks;
			sourceTree = "<group>";
		};
		832341AE1AAA6A7D00B99B32 /* Libraries */ = {
			isa = PBXGroup;
			children = (
			);
			name = Libraries;
			sourceTree = "<group>";
		};
		83CBB9F61A601CBA00E9B192 = {
			isa = PBXGroup;
			children = (
				13B07FAE1A68108700A75B9A /* fitnessApp */,
				832341AE1AAA6A7D00B99B32 /* Libraries */,
				00E356EF1AD99517003FC87E /* fitnessAppTests */,
				83CBBA001A601CBA00E9B192 /* Products */,
				2D16E6871FA4F8E400B85C8A /* Frameworks */,
				BBD78D7AC51CEA395F1C20DB /* Pods */,
				4FDE41A0938C4916B6D12AC4 /* Resources */,
			);
			indentWidth = 2;
			sourceTree = "<group>";
			tabWidth = 2;
			usesTabs = 0;
		};
		83CBBA001A601CBA00E9B192 /* Products */ = {
			isa = PBXGroup;
			children = (
				13B07F961A680F5B00A75B9A /* fitnessApp.app */,
				00E356EE1AD99517003FC87E /* fitnessAppTests.xctest */,
			);
			name = Products;
			sourceTree = "<group>";
		};
		BBD78D7AC51CEA395F1C20DB /* Pods */ = {
			isa = PBXGroup;
			children = (
				3B4392A12AC88292D35C810B /* Pods-fitnessApp.debug.xcconfig */,
				5709B34CF0A7D63546082F79 /* Pods-fitnessApp.release.xcconfig */,
				5B7EB9410499542E8C5724F5 /* Pods-fitnessApp-fitnessAppTests.debug.xcconfig */,
				89C6BE57DB24E9ADA2F236DE /* Pods-fitnessApp-fitnessAppTests.release.xcconfig */,
			);
			path = Pods;
			sourceTree = "<group>";
		};
		4FDE41A0938C4916B6D12AC4 /* Resources */ = {
			isa = "PBXGroup";
			children = (
				514690D928C54EFEB66E0A50 /* Inter_18pt-Black.ttf */,
				E3CB5630FC954F42A33B9348 /* Inter_18pt-BlackItalic.ttf */,
				91C8DD34436E40BD85E443BF /* Inter_18pt-Bold.ttf */,
				79716772E3924797BAAEB72A /* Inter_18pt-BoldItalic.ttf */,
				AC644A389AEE4FC4B53DA5A7 /* Inter_18pt-ExtraBold.ttf */,
				210AFAEE047E4595A0285A92 /* Inter_18pt-ExtraBoldItalic.ttf */,
				503D94C04717414ABE891700 /* Inter_18pt-ExtraLight.ttf */,
				EAC434B42BA048A78309429F /* Inter_18pt-ExtraLightItalic.ttf */,
				0EC0A4BFEAC74BC38C86CACB /* Inter_18pt-Italic.ttf */,
				C42BF222DFC84F5F87CFE796 /* Inter_18pt-Light.ttf */,
				F509DD136D6D478D9C4B060D /* Inter_18pt-LightItalic.ttf */,
				A46736ACF3134BF793B6CC96 /* Inter_18pt-Medium.ttf */,
				3CA8743DDEAC48A19CDB41AA /* Inter_18pt-MediumItalic.ttf */,
				2F0BE2D0CE264D86BBEF783A /* Inter_18pt-Regular.ttf */,
				B9CA5A7A59204103841DC2DB /* Inter_18pt-SemiBold.ttf */,
				A3E49D7087FD4F6AB8061753 /* Inter_18pt-SemiBoldItalic.ttf */,
				FA1AA5C38E89488EA1F5F332 /* Inter_18pt-Thin.ttf */,
				A2577BBAC158405B93DA6ED8 /* Inter_18pt-ThinItalic.ttf */,
				EEB8BD07693F47D6988872BC /* Inter_24pt-Black.ttf */,
				E1ADB0D42BB24DCCAF1D330F /* Inter_24pt-BlackItalic.ttf */,
				59F1D16BBE6841C1BE8FEA9E /* Inter_24pt-Bold.ttf */,
				394C7A045A0C43A1877A5D42 /* Inter_24pt-BoldItalic.ttf */,
				46433D991A4D448CA99A5335 /* Inter_24pt-ExtraBold.ttf */,
				88DA7676851441D5B0B87318 /* Inter_24pt-ExtraBoldItalic.ttf */,
				E01560BC203F45C0B32074FC /* Inter_24pt-ExtraLight.ttf */,
				ED454204A151413A896F90F5 /* Inter_24pt-ExtraLightItalic.ttf */,
				0821581BE9364F0486E17A76 /* Inter_24pt-Italic.ttf */,
				AA3BA8125B6340AA952EEF11 /* Inter_24pt-Light.ttf */,
				1E37B93E56804107A49C1F4B /* Inter_24pt-LightItalic.ttf */,
				65DA7DACD5A5445C9161B37F /* Inter_24pt-Medium.ttf */,
				A57BAA4EA43346C4815B618C /* Inter_24pt-MediumItalic.ttf */,
				147E8B8841074FFFAD7C7707 /* Inter_24pt-Regular.ttf */,
				4B7ED868C7494EE685008176 /* Inter_24pt-SemiBold.ttf */,
				68E50BECD118495E97DF7E41 /* Inter_24pt-SemiBoldItalic.ttf */,
				C87937A806DF44CEBE864938 /* Inter_24pt-Thin.ttf */,
				CCFE05E8C9634BF09BDA7059 /* Inter_24pt-ThinItalic.ttf */,
				228A50B9E57C4285B3D29096 /* Inter_28pt-Black.ttf */,
				6064C78C59B746B7929EAFE2 /* Inter_28pt-BlackItalic.ttf */,
				C148689F73DE481DA718BB3E /* Inter_28pt-Bold.ttf */,
				77B60A50699C46568922CFEA /* Inter_28pt-BoldItalic.ttf */,
				BCB33A06CC464144BF17834B /* Inter_28pt-ExtraBold.ttf */,
				15B422788948416791C7AE37 /* Inter_28pt-ExtraBoldItalic.ttf */,
				12902B37E8B242D7A3D2955A /* Inter_28pt-ExtraLight.ttf */,
				CC8A2A2404F24141BC037FD5 /* Inter_28pt-ExtraLightItalic.ttf */,
				A600418C790843EC88D3823C /* Inter_28pt-Italic.ttf */,
				822324533D3B42E2ABF2B341 /* Inter_28pt-Light.ttf */,
				64B5C5BF2C4B40499C077D41 /* Inter_28pt-LightItalic.ttf */,
				7973AA42DF0541C3889496BC /* Inter_28pt-Medium.ttf */,
				04E50360611C402CBFE8DB7F /* Inter_28pt-MediumItalic.ttf */,
				3770F7B1375D4544BA81A751 /* Inter_28pt-Regular.ttf */,
				949BDB55741D45F29EC55C63 /* Inter_28pt-SemiBold.ttf */,
				A1C724C3697A45BAA664236C /* Inter_28pt-SemiBoldItalic.ttf */,
				EE1C351794814CFBB8AD087C /* Inter_28pt-Thin.ttf */,
				36EEE3693C6E42DAB1B35CD9 /* Inter_28pt-ThinItalic.ttf */,
				4E0A0F16706B464783B65051 /* fontHelper.js */,
			);
			name = Resources;
			sourceTree = "<group>";
			path = "";
		};
/* End PBXGroup section */

/* Begin PBXNativeTarget section */
		00E356ED1AD99517003FC87E /* fitnessAppTests */ = {
			isa = PBXNativeTarget;
			buildConfigurationList = 00E357021AD99517003FC87E /* Build configuration list for PBXNativeTarget "fitnessAppTests" */;
			buildPhases = (
				A55EABD7B0C7F3A422A6CC61 /* [CP] Check Pods Manifest.lock */,
				00E356EA1AD99517003FC87E /* Sources */,
				00E356EB1AD99517003FC87E /* Frameworks */,
				00E356EC1AD99517003FC87E /* Resources */,
				C59DA0FBD6956966B86A3779 /* [CP] Embed Pods Frameworks */,
				F6A41C54EA430FDDC6A6ED99 /* [CP] Copy Pods Resources */,
			);
			buildRules = (
			);
			dependencies = (
				00E356F51AD99517003FC87E /* PBXTargetDependency */,
			);
			name = fitnessAppTests;
			productName = fitnessAppTests;
			productReference = 00E356EE1AD99517003FC87E /* fitnessAppTests.xctest */;
			productType = "com.apple.product-type.bundle.unit-test";
		};
		13B07F861A680F5B00A75B9A /* fitnessApp */ = {
			isa = PBXNativeTarget;
			buildConfigurationList = 13B07F931A680F5B00A75B9A /* Build configuration list for PBXNativeTarget "fitnessApp" */;
			buildPhases = (
				C38B50BA6285516D6DCD4F65 /* [CP] Check Pods Manifest.lock */,
				13B07F871A680F5B00A75B9A /* Sources */,
				13B07F8C1A680F5B00A75B9A /* Frameworks */,
				13B07F8E1A680F5B00A75B9A /* Resources */,
				00DD1BFF1BD5951E006B06BC /* Bundle React Native code and images */,
				00EEFC60759A1932668264C0 /* [CP] Embed Pods Frameworks */,
				E235C05ADACE081382539298 /* [CP] Copy Pods Resources */,
			);
			buildRules = (
			);
			dependencies = (
			);
			name = fitnessApp;
			productName = fitnessApp;
			productReference = 13B07F961A680F5B00A75B9A /* fitnessApp.app */;
			productType = "com.apple.product-type.application";
		};
/* End PBXNativeTarget section */

/* Begin PBXProject section */
		83CBB9F71A601CBA00E9B192 /* Project object */ = {
			isa = PBXProject;
			attributes = {
				LastUpgradeCheck = 1210;
				TargetAttributes = {
					00E356ED1AD99517003FC87E = {
						CreatedOnToolsVersion = 6.2;
						TestTargetID = 13B07F861A680F5B00A75B9A;
					};
					13B07F861A680F5B00A75B9A = {
						LastSwiftMigration = 1120;
					};
				};
			};
			buildConfigurationList = 83CBB9FA1A601CBA00E9B192 /* Build configuration list for PBXProject "fitnessApp" */;
			compatibilityVersion = "Xcode 12.0";
			developmentRegion = en;
			hasScannedForEncodings = 0;
			knownRegions = (
				en,
				Base,
			);
			mainGroup = 83CBB9F61A601CBA00E9B192;
			productRefGroup = 83CBBA001A601CBA00E9B192 /* Products */;
			projectDirPath = "";
			projectRoot = "";
			targets = (
				13B07F861A680F5B00A75B9A /* fitnessApp */,
				00E356ED1AD99517003FC87E /* fitnessAppTests */,
			);
		};
/* End PBXProject section */

/* Begin PBXResourcesBuildPhase section */
		00E356EC1AD99517003FC87E /* Resources */ = {
			isa = PBXResourcesBuildPhase;
			buildActionMask = 2147483647;
			files = (
			);
			runOnlyForDeploymentPostprocessing = 0;
		};
		13B07F8E1A680F5B00A75B9A /* Resources */ = {
			isa = PBXResourcesBuildPhase;
			buildActionMask = 2147483647;
			files = (
				81AB9BB82411601600AC10FF /* LaunchScreen.storyboard in Resources */,
				13B07FBF1A68108700A75B9A /* Images.xcassets in Resources */,
				896294585F48408684510E02 /* Inter_18pt-Black.ttf in Resources */,
				0B9BE000A8904B5CB90D2214 /* Inter_18pt-BlackItalic.ttf in Resources */,
				3E157CC108F340EFBD78C59F /* Inter_18pt-Bold.ttf in Resources */,
				876F982B0A8B41EAB07FC928 /* Inter_18pt-BoldItalic.ttf in Resources */,
				1A65FD4FCB47479693F53E10 /* Inter_18pt-ExtraBold.ttf in Resources */,
				20B5D7C186494773B838FAC5 /* Inter_18pt-ExtraBoldItalic.ttf in Resources */,
				DE4AB308B0A44E0BAE10E992 /* Inter_18pt-ExtraLight.ttf in Resources */,
				D7D931FA81F844578B6745BF /* Inter_18pt-ExtraLightItalic.ttf in Resources */,
				C0A13193A53F42E497CAEDC3 /* Inter_18pt-Italic.ttf in Resources */,
				DFED400334384CFAAEBE0885 /* Inter_18pt-Light.ttf in Resources */,
				7EECDDAD224D4C6E9F8E6A62 /* Inter_18pt-LightItalic.ttf in Resources */,
				AFB226CCDE1B4BE2BEABE257 /* Inter_18pt-Medium.ttf in Resources */,
				BBD8D6FB18004CBD8D4290F6 /* Inter_18pt-MediumItalic.ttf in Resources */,
				670849E99FAA4FB4970DC48B /* Inter_18pt-Regular.ttf in Resources */,
				5E3FD2405BD54D4D9B02BA8C /* Inter_18pt-SemiBold.ttf in Resources */,
				43836B7703DC42709D592E6D /* Inter_18pt-SemiBoldItalic.ttf in Resources */,
				A6519603D55545488B300E7F /* Inter_18pt-Thin.ttf in Resources */,
				7928E0EB72A2416E8A08182B /* Inter_18pt-ThinItalic.ttf in Resources */,
				0B24F7A87544493C8856BCA6 /* Inter_24pt-Black.ttf in Resources */,
				BC7D5429433B4D19A3A8DC73 /* Inter_24pt-BlackItalic.ttf in Resources */,
				7F6DBAEF27E7433C957DEC8F /* Inter_24pt-Bold.ttf in Resources */,
				A5C4289BD0CF4522905652C7 /* Inter_24pt-BoldItalic.ttf in Resources */,
				BA82537EDA92492FA35D4EA9 /* Inter_24pt-ExtraBold.ttf in Resources */,
				94CEE15EB51441C193543B64 /* Inter_24pt-ExtraBoldItalic.ttf in Resources */,
				5EAE3784B67D4FBE9F7714C8 /* Inter_24pt-ExtraLight.ttf in Resources */,
				47954CD3B28F48FB99072AF5 /* Inter_24pt-ExtraLightItalic.ttf in Resources */,
				F57B713B872244E58C699FBD /* Inter_24pt-Italic.ttf in Resources */,
				6F98A564B2184AC990FF1E67 /* Inter_24pt-Light.ttf in Resources */,
				74BAD9E85D9A48B088B2CB0E /* Inter_24pt-LightItalic.ttf in Resources */,
				B14AB56AF120401C8CBE7F09 /* Inter_24pt-Medium.ttf in Resources */,
				F0AF391A745D4D029827188D /* Inter_24pt-MediumItalic.ttf in Resources */,
				3C25F41C83EA4940AF9E16E9 /* Inter_24pt-Regular.ttf in Resources */,
				DFEAD31F444C4332835FC91A /* Inter_24pt-SemiBold.ttf in Resources */,
				5EDF2B9F7A4A4937AD6F4256 /* Inter_24pt-SemiBoldItalic.ttf in Resources */,
				B1A52184FA214C2EADD845DB /* Inter_24pt-Thin.ttf in Resources */,
				1637537363FA4201900C194E /* Inter_24pt-ThinItalic.ttf in Resources */,
				7DCBF461D7FD448C9F6D94DE /* Inter_28pt-Black.ttf in Resources */,
				7008324978F34BDBBA6A8127 /* Inter_28pt-BlackItalic.ttf in Resources */,
				0AD691457DBD4791B8E43D2B /* Inter_28pt-Bold.ttf in Resources */,
				B40A5C397E7740DBA681B7DE /* Inter_28pt-BoldItalic.ttf in Resources */,
				AE8D5B86FB4C405689E58D76 /* Inter_28pt-ExtraBold.ttf in Resources */,
				40457157EED648AC99D3EE18 /* Inter_28pt-ExtraBoldItalic.ttf in Resources */,
				B1253A8D79FF4BDDB121BE42 /* Inter_28pt-ExtraLight.ttf in Resources */,
				02A17000C26642D0B0999E8B /* Inter_28pt-ExtraLightItalic.ttf in Resources */,
				3850EA7A5DC64E80B2A7591A /* Inter_28pt-Italic.ttf in Resources */,
				E7BA3E3C9EE64F71AD579DAB /* Inter_28pt-Light.ttf in Resources */,
				750E6367A3274FB5B23E214C /* Inter_28pt-LightItalic.ttf in Resources */,
				4206EC036CA6483D84BA460B /* Inter_28pt-Medium.ttf in Resources */,
				EFFD6EB2DE0545B58002FA0B /* Inter_28pt-MediumItalic.ttf in Resources */,
				76EDACA9AE564FF182A058F2 /* Inter_28pt-Regular.ttf in Resources */,
				07B1D102FEFB48BBA0F5F5D8 /* Inter_28pt-SemiBold.ttf in Resources */,
				2505C8812BA742279CF2A9DC /* Inter_28pt-SemiBoldItalic.ttf in Resources */,
				47D1444ADCA449A883583D03 /* Inter_28pt-Thin.ttf in Resources */,
				F064365C15174ED8B76EC7BC /* Inter_28pt-ThinItalic.ttf in Resources */,
				52EE0EC296F34218BEA26F62 /* fontHelper.js in Resources */,
			);
			runOnlyForDeploymentPostprocessing = 0;
		};
/* End PBXResourcesBuildPhase section */

/* Begin PBXShellScriptBuildPhase section */
		00DD1BFF1BD5951E006B06BC /* Bundle React Native code and images */ = {
			isa = PBXShellScriptBuildPhase;
			buildActionMask = 2147483647;
			files = (
			);
			inputPaths = (
				"$(SRCROOT)/.xcode.env.local",
				"$(SRCROOT)/.xcode.env",
			);
			name = "Bundle React Native code and images";
			outputPaths = (
			);
			runOnlyForDeploymentPostprocessing = 0;
			shellPath = /bin/sh;
			shellScript = "set -e\n\nWITH_ENVIRONMENT=\"$REACT_NATIVE_PATH/scripts/xcode/with-environment.sh\"\nREACT_NATIVE_XCODE=\"$REACT_NATIVE_PATH/scripts/react-native-xcode.sh\"\n\n/bin/sh -c \"$WITH_ENVIRONMENT $REACT_NATIVE_XCODE\"\n";
		};
		00EEFC60759A1932668264C0 /* [CP] Embed Pods Frameworks */ = {
			isa = PBXShellScriptBuildPhase;
			buildActionMask = 2147483647;
			files = (
			);
			inputFileListPaths = (
				"${PODS_ROOT}/Target Support Files/Pods-fitnessApp/Pods-fitnessApp-frameworks-${CONFIGURATION}-input-files.xcfilelist",
			);
			name = "[CP] Embed Pods Frameworks";
			outputFileListPaths = (
				"${PODS_ROOT}/Target Support Files/Pods-fitnessApp/Pods-fitnessApp-frameworks-${CONFIGURATION}-output-files.xcfilelist",
			);
			runOnlyForDeploymentPostprocessing = 0;
			shellPath = /bin/sh;
			shellScript = "\"${PODS_ROOT}/Target Support Files/Pods-fitnessApp/Pods-fitnessApp-frameworks.sh\"\n";
			showEnvVarsInLog = 0;
		};
		A55EABD7B0C7F3A422A6CC61 /* [CP] Check Pods Manifest.lock */ = {
			isa = PBXShellScriptBuildPhase;
			buildActionMask = 2147483647;
			files = (
			);
			inputFileListPaths = (
			);
			inputPaths = (
				"${PODS_PODFILE_DIR_PATH}/Podfile.lock",
				"${PODS_ROOT}/Manifest.lock",
			);
			name = "[CP] Check Pods Manifest.lock";
			outputFileListPaths = (
			);
			outputPaths = (
				"$(DERIVED_FILE_DIR)/Pods-fitnessApp-fitnessAppTests-checkManifestLockResult.txt",
			);
			runOnlyForDeploymentPostprocessing = 0;
			shellPath = /bin/sh;
			shellScript = "diff \"${PODS_PODFILE_DIR_PATH}/Podfile.lock\" \"${PODS_ROOT}/Manifest.lock\" > /dev/null\nif [ $? != 0 ] ; then\n    # print error to STDERR\n    echo \"error: The sandbox is not in sync with the Podfile.lock. Run 'pod install' or update your CocoaPods installation.\" >&2\n    exit 1\nfi\n# This output is used by Xcode 'outputs' to avoid re-running this script phase.\necho \"SUCCESS\" > \"${SCRIPT_OUTPUT_FILE_0}\"\n";
			showEnvVarsInLog = 0;
		};
		C38B50BA6285516D6DCD4F65 /* [CP] Check Pods Manifest.lock */ = {
			isa = PBXShellScriptBuildPhase;
			buildActionMask = 2147483647;
			files = (
			);
			inputFileListPaths = (
			);
			inputPaths = (
				"${PODS_PODFILE_DIR_PATH}/Podfile.lock",
				"${PODS_ROOT}/Manifest.lock",
			);
			name = "[CP] Check Pods Manifest.lock";
			outputFileListPaths = (
			);
			outputPaths = (
				"$(DERIVED_FILE_DIR)/Pods-fitnessApp-checkManifestLockResult.txt",
			);
			runOnlyForDeploymentPostprocessing = 0;
			shellPath = /bin/sh;
			shellScript = "diff \"${PODS_PODFILE_DIR_PATH}/Podfile.lock\" \"${PODS_ROOT}/Manifest.lock\" > /dev/null\nif [ $? != 0 ] ; then\n    # print error to STDERR\n    echo \"error: The sandbox is not in sync with the Podfile.lock. Run 'pod install' or update your CocoaPods installation.\" >&2\n    exit 1\nfi\n# This output is used by Xcode 'outputs' to avoid re-running this script phase.\necho \"SUCCESS\" > \"${SCRIPT_OUTPUT_FILE_0}\"\n";
			showEnvVarsInLog = 0;
		};
		C59DA0FBD6956966B86A3779 /* [CP] Embed Pods Frameworks */ = {
			isa = PBXShellScriptBuildPhase;
			buildActionMask = 2147483647;
			files = (
			);
			inputFileListPaths = (
				"${PODS_ROOT}/Target Support Files/Pods-fitnessApp-fitnessAppTests/Pods-fitnessApp-fitnessAppTests-frameworks-${CONFIGURATION}-input-files.xcfilelist",
			);
			name = "[CP] Embed Pods Frameworks";
			outputFileListPaths = (
				"${PODS_ROOT}/Target Support Files/Pods-fitnessApp-fitnessAppTests/Pods-fitnessApp-fitnessAppTests-frameworks-${CONFIGURATION}-output-files.xcfilelist",
			);
			runOnlyForDeploymentPostprocessing = 0;
			shellPath = /bin/sh;
			shellScript = "\"${PODS_ROOT}/Target Support Files/Pods-fitnessApp-fitnessAppTests/Pods-fitnessApp-fitnessAppTests-frameworks.sh\"\n";
			showEnvVarsInLog = 0;
		};
		E235C05ADACE081382539298 /* [CP] Copy Pods Resources */ = {
			isa = PBXShellScriptBuildPhase;
			buildActionMask = 2147483647;
			files = (
			);
			inputFileListPaths = (
				"${PODS_ROOT}/Target Support Files/Pods-fitnessApp/Pods-fitnessApp-resources-${CONFIGURATION}-input-files.xcfilelist",
			);
			name = "[CP] Copy Pods Resources";
			outputFileListPaths = (
				"${PODS_ROOT}/Target Support Files/Pods-fitnessApp/Pods-fitnessApp-resources-${CONFIGURATION}-output-files.xcfilelist",
			);
			runOnlyForDeploymentPostprocessing = 0;
			shellPath = /bin/sh;
			shellScript = "\"${PODS_ROOT}/Target Support Files/Pods-fitnessApp/Pods-fitnessApp-resources.sh\"\n";
			showEnvVarsInLog = 0;
		};
		F6A41C54EA430FDDC6A6ED99 /* [CP] Copy Pods Resources */ = {
			isa = PBXShellScriptBuildPhase;
			buildActionMask = 2147483647;
			files = (
			);
			inputFileListPaths = (
				"${PODS_ROOT}/Target Support Files/Pods-fitnessApp-fitnessAppTests/Pods-fitnessApp-fitnessAppTests-resources-${CONFIGURATION}-input-files.xcfilelist",
			);
			name = "[CP] Copy Pods Resources";
			outputFileListPaths = (
				"${PODS_ROOT}/Target Support Files/Pods-fitnessApp-fitnessAppTests/Pods-fitnessApp-fitnessAppTests-resources-${CONFIGURATION}-output-files.xcfilelist",
			);
			runOnlyForDeploymentPostprocessing = 0;
			shellPath = /bin/sh;
			shellScript = "\"${PODS_ROOT}/Target Support Files/Pods-fitnessApp-fitnessAppTests/Pods-fitnessApp-fitnessAppTests-resources.sh\"\n";
			showEnvVarsInLog = 0;
		};
/* End PBXShellScriptBuildPhase section */

/* Begin PBXSourcesBuildPhase section */
		00E356EA1AD99517003FC87E /* Sources */ = {
			isa = PBXSourcesBuildPhase;
			buildActionMask = 2147483647;
			files = (
				00E356F31AD99517003FC87E /* fitnessAppTests.m in Sources */,
			);
			runOnlyForDeploymentPostprocessing = 0;
		};
		13B07F871A680F5B00A75B9A /* Sources */ = {
			isa = PBXSourcesBuildPhase;
			buildActionMask = 2147483647;
			files = (
				13B07FBC1A68108700A75B9A /* AppDelegate.mm in Sources */,
				13B07FC11A68108700A75B9A /* main.m in Sources */,
			);
			runOnlyForDeploymentPostprocessing = 0;
		};
/* End PBXSourcesBuildPhase section */

/* Begin PBXTargetDependency section */
		00E356F51AD99517003FC87E /* PBXTargetDependency */ = {
			isa = PBXTargetDependency;
			target = 13B07F861A680F5B00A75B9A /* fitnessApp */;
			targetProxy = 00E356F41AD99517003FC87E /* PBXContainerItemProxy */;
		};
/* End PBXTargetDependency section */

/* Begin XCBuildConfiguration section */
		00E356F61AD99517003FC87E /* Debug */ = {
			isa = XCBuildConfiguration;
			baseConfigurationReference = 5B7EB9410499542E8C5724F5 /* Pods-fitnessApp-fitnessAppTests.debug.xcconfig */;
			buildSettings = {
				BUNDLE_LOADER = "$(TEST_HOST)";
				GCC_PREPROCESSOR_DEFINITIONS = (
					"DEBUG=1",
					"$(inherited)",
				);
				INFOPLIST_FILE = fitnessAppTests/Info.plist;
				IPHONEOS_DEPLOYMENT_TARGET = 13.4;
				LD_RUNPATH_SEARCH_PATHS = (
					"$(inherited)",
					"@executable_path/Frameworks",
					"@loader_path/Frameworks",
				);
				OTHER_LDFLAGS = (
					"-ObjC",
					"-lc++",
					"$(inherited)",
				);
				PRODUCT_BUNDLE_IDENTIFIER = "org.reactjs.native.example.$(PRODUCT_NAME:rfc1034identifier)";
				PRODUCT_NAME = "$(TARGET_NAME)";
				TEST_HOST = "$(BUILT_PRODUCTS_DIR)/fitnessApp.app/fitnessApp";
			};
			name = Debug;
		};
		00E356F71AD99517003FC87E /* Release */ = {
			isa = XCBuildConfiguration;
			baseConfigurationReference = 89C6BE57DB24E9ADA2F236DE /* Pods-fitnessApp-fitnessAppTests.release.xcconfig */;
			buildSettings = {
				BUNDLE_LOADER = "$(TEST_HOST)";
				COPY_PHASE_STRIP = NO;
				INFOPLIST_FILE = fitnessAppTests/Info.plist;
				IPHONEOS_DEPLOYMENT_TARGET = 13.4;
				LD_RUNPATH_SEARCH_PATHS = (
					"$(inherited)",
					"@executable_path/Frameworks",
					"@loader_path/Frameworks",
				);
				OTHER_LDFLAGS = (
					"-ObjC",
					"-lc++",
					"$(inherited)",
				);
				PRODUCT_BUNDLE_IDENTIFIER = "org.reactjs.native.example.$(PRODUCT_NAME:rfc1034identifier)";
				PRODUCT_NAME = "$(TARGET_NAME)";
				TEST_HOST = "$(BUILT_PRODUCTS_DIR)/fitnessApp.app/fitnessApp";
			};
			name = Release;
		};
		13B07F941A680F5B00A75B9A /* Debug */ = {
			isa = XCBuildConfiguration;
			baseConfigurationReference = 3B4392A12AC88292D35C810B /* Pods-fitnessApp.debug.xcconfig */;
			buildSettings = {
				ASSETCATALOG_COMPILER_APPICON_NAME = AppIcon;
				CLANG_ENABLE_MODULES = YES;
				CURRENT_PROJECT_VERSION = 1;
				ENABLE_BITCODE = NO;
				INFOPLIST_FILE = fitnessApp/Info.plist;
				LD_RUNPATH_SEARCH_PATHS = (
					"$(inherited)",
					"@executable_path/Frameworks",
				);
				MARKETING_VERSION = 1.0;
				OTHER_LDFLAGS = (
					"$(inherited)",
					"-ObjC",
					"-lc++",
				);
				PRODUCT_BUNDLE_IDENTIFIER = "org.reactjs.native.example.$(PRODUCT_NAME:rfc1034identifier)";
				PRODUCT_NAME = fitnessApp;
				SWIFT_OPTIMIZATION_LEVEL = "-Onone";
				SWIFT_VERSION = 5.0;
				VERSIONING_SYSTEM = "apple-generic";
			};
			name = Debug;
		};
		13B07F951A680F5B00A75B9A /* Release */ = {
			isa = XCBuildConfiguration;
			baseConfigurationReference = 5709B34CF0A7D63546082F79 /* Pods-fitnessApp.release.xcconfig */;
			buildSettings = {
				ASSETCATALOG_COMPILER_APPICON_NAME = AppIcon;
				CLANG_ENABLE_MODULES = YES;
				CURRENT_PROJECT_VERSION = 1;
				INFOPLIST_FILE = fitnessApp/Info.plist;
				LD_RUNPATH_SEARCH_PATHS = (
					"$(inherited)",
					"@executable_path/Frameworks",
				);
				MARKETING_VERSION = 1.0;
				OTHER_LDFLAGS = (
					"$(inherited)",
					"-ObjC",
					"-lc++",
				);
				PRODUCT_BUNDLE_IDENTIFIER = "org.reactjs.native.example.$(PRODUCT_NAME:rfc1034identifier)";
				PRODUCT_NAME = fitnessApp;
				SWIFT_VERSION = 5.0;
				VERSIONING_SYSTEM = "apple-generic";
			};
			name = Release;
		};
		83CBBA201A601CBA00E9B192 /* Debug */ = {
			isa = XCBuildConfiguration;
			buildSettings = {
				ALWAYS_SEARCH_USER_PATHS = NO;
				CLANG_ANALYZER_LOCALIZABILITY_NONLOCALIZED = YES;
				CLANG_CXX_LANGUAGE_STANDARD = "c++20";
				CLANG_CXX_LIBRARY = "libc++";
				CLANG_ENABLE_MODULES = YES;
				CLANG_ENABLE_OBJC_ARC = YES;
				CLANG_WARN_BLOCK_CAPTURE_AUTORELEASING = YES;
				CLANG_WARN_BOOL_CONVERSION = YES;
				CLANG_WARN_COMMA = YES;
				CLANG_WARN_CONSTANT_CONVERSION = YES;
				CLANG_WARN_DEPRECATED_OBJC_IMPLEMENTATIONS = YES;
				CLANG_WARN_DIRECT_OBJC_ISA_USAGE = YES_ERROR;
				CLANG_WARN_EMPTY_BODY = YES;
				CLANG_WARN_ENUM_CONVERSION = YES;
				CLANG_WARN_INFINITE_RECURSION = YES;
				CLANG_WARN_INT_CONVERSION = YES;
				CLANG_WARN_NON_LITERAL_NULL_CONVERSION = YES;
				CLANG_WARN_OBJC_IMPLICIT_RETAIN_SELF = YES;
				CLANG_WARN_OBJC_LITERAL_CONVERSION = YES;
				CLANG_WARN_OBJC_ROOT_CLASS = YES_ERROR;
				CLANG_WARN_QUOTED_INCLUDE_IN_FRAMEWORK_HEADER = YES;
				CLANG_WARN_RANGE_LOOP_ANALYSIS = YES;
				CLANG_WARN_STRICT_PROTOTYPES = YES;
				CLANG_WARN_SUSPICIOUS_MOVE = YES;
				CLANG_WARN_UNREACHABLE_CODE = YES;
				CLANG_WARN__DUPLICATE_METHOD_MATCH = YES;
				"CODE_SIGN_IDENTITY[sdk=iphoneos*]" = "iPhone Developer";
				COPY_PHASE_STRIP = NO;
				ENABLE_STRICT_OBJC_MSGSEND = YES;
				ENABLE_TESTABILITY = YES;
				"EXCLUDED_ARCHS[sdk=iphonesimulator*]" = "";
				GCC_C_LANGUAGE_STANDARD = gnu99;
				GCC_DYNAMIC_NO_PIC = NO;
				GCC_NO_COMMON_BLOCKS = YES;
				GCC_OPTIMIZATION_LEVEL = 0;
				GCC_PREPROCESSOR_DEFINITIONS = (
					"DEBUG=1",
					"$(inherited)",
				);
				GCC_SYMBOLS_PRIVATE_EXTERN = NO;
				GCC_WARN_64_TO_32_BIT_CONVERSION = YES;
				GCC_WARN_ABOUT_RETURN_TYPE = YES_ERROR;
				GCC_WARN_UNDECLARED_SELECTOR = YES;
				GCC_WARN_UNINITIALIZED_AUTOS = YES_AGGRESSIVE;
				GCC_WARN_UNUSED_FUNCTION = YES;
				GCC_WARN_UNUSED_VARIABLE = YES;
				IPHONEOS_DEPLOYMENT_TARGET = 13.4;
				LD_RUNPATH_SEARCH_PATHS = (
					/usr/lib/swift,
					"$(inherited)",
				);
				LIBRARY_SEARCH_PATHS = (
					"\"$(SDKROOT)/usr/lib/swift\"",
					"\"$(TOOLCHAIN_DIR)/usr/lib/swift/$(PLATFORM_NAME)\"",
					"\"$(inherited)\"",
				);
				MTL_ENABLE_DEBUG_INFO = YES;
				ONLY_ACTIVE_ARCH = YES;
				OTHER_CPLUSPLUSFLAGS = (
					"$(OTHER_CFLAGS)",
					"-DFOLLY_NO_CONFIG",
					"-DFOLLY_MOBILE=1",
					"-DFOLLY_USE_LIBCPP=1",
					"-DFOLLY_CFG_NO_COROUTINES=1",
					"-DFOLLY_HAVE_CLOCK_GETTIME=1",
				);
				SDKROOT = iphoneos;
			};
			name = Debug;
		};
		83CBBA211A601CBA00E9B192 /* Release */ = {
			isa = XCBuildConfiguration;
			buildSettings = {
				ALWAYS_SEARCH_USER_PATHS = NO;
				CLANG_ANALYZER_LOCALIZABILITY_NONLOCALIZED = YES;
				CLANG_CXX_LANGUAGE_STANDARD = "c++20";
				CLANG_CXX_LIBRARY = "libc++";
				CLANG_ENABLE_MODULES = YES;
				CLANG_ENABLE_OBJC_ARC = YES;
				CLANG_WARN_BLOCK_CAPTURE_AUTORELEASING = YES;
				CLANG_WARN_BOOL_CONVERSION = YES;
				CLANG_WARN_COMMA = YES;
				CLANG_WARN_CONSTANT_CONVERSION = YES;
				CLANG_WARN_DEPRECATED_OBJC_IMPLEMENTATIONS = YES;
				CLANG_WARN_DIRECT_OBJC_ISA_USAGE = YES_ERROR;
				CLANG_WARN_EMPTY_BODY = YES;
				CLANG_WARN_ENUM_CONVERSION = YES;
				CLANG_WARN_INFINITE_RECURSION = YES;
				CLANG_WARN_INT_CONVERSION = YES;
				CLANG_WARN_NON_LITERAL_NULL_CONVERSION = YES;
				CLANG_WARN_OBJC_IMPLICIT_RETAIN_SELF = YES;
				CLANG_WARN_OBJC_LITERAL_CONVERSION = YES;
				CLANG_WARN_OBJC_ROOT_CLASS = YES_ERROR;
				CLANG_WARN_QUOTED_INCLUDE_IN_FRAMEWORK_HEADER = YES;
				CLANG_WARN_RANGE_LOOP_ANALYSIS = YES;
				CLANG_WARN_STRICT_PROTOTYPES = YES;
				CLANG_WARN_SUSPICIOUS_MOVE = YES;
				CLANG_WARN_UNREACHABLE_CODE = YES;
				CLANG_WARN__DUPLICATE_METHOD_MATCH = YES;
				"CODE_SIGN_IDENTITY[sdk=iphoneos*]" = "iPhone Developer";
				COPY_PHASE_STRIP = YES;
				ENABLE_NS_ASSERTIONS = NO;
				ENABLE_STRICT_OBJC_MSGSEND = YES;
				"EXCLUDED_ARCHS[sdk=iphonesimulator*]" = "";
				GCC_C_LANGUAGE_STANDARD = gnu99;
				GCC_NO_COMMON_BLOCKS = YES;
				GCC_WARN_64_TO_32_BIT_CONVERSION = YES;
				GCC_WARN_ABOUT_RETURN_TYPE = YES_ERROR;
				GCC_WARN_UNDECLARED_SELECTOR = YES;
				GCC_WARN_UNINITIALIZED_AUTOS = YES_AGGRESSIVE;
				GCC_WARN_UNUSED_FUNCTION = YES;
				GCC_WARN_UNUSED_VARIABLE = YES;
				IPHONEOS_DEPLOYMENT_TARGET = 13.4;
				LD_RUNPATH_SEARCH_PATHS = (
					/usr/lib/swift,
					"$(inherited)",
				);
				LIBRARY_SEARCH_PATHS = (
					"\"$(SDKROOT)/usr/lib/swift\"",
					"\"$(TOOLCHAIN_DIR)/usr/lib/swift/$(PLATFORM_NAME)\"",
					"\"$(inherited)\"",
				);
				MTL_ENABLE_DEBUG_INFO = NO;
				OTHER_CPLUSPLUSFLAGS = (
					"$(OTHER_CFLAGS)",
					"-DFOLLY_NO_CONFIG",
					"-DFOLLY_MOBILE=1",
					"-DFOLLY_USE_LIBCPP=1",
					"-DFOLLY_CFG_NO_COROUTINES=1",
					"-DFOLLY_HAVE_CLOCK_GETTIME=1",
				);
				SDKROOT = iphoneos;
				VALIDATE_PRODUCT = YES;
			};
			name = Release;
		};
/* End XCBuildConfiguration section */

/* Begin XCConfigurationList section */
		00E357021AD99517003FC87E /* Build configuration list for PBXNativeTarget "fitnessAppTests" */ = {
			isa = XCConfigurationList;
			buildConfigurations = (
				00E356F61AD99517003FC87E /* Debug */,
				00E356F71AD99517003FC87E /* Release */,
			);
			defaultConfigurationIsVisible = 0;
			defaultConfigurationName = Release;
		};
		13B07F931A680F5B00A75B9A /* Build configuration list for PBXNativeTarget "fitnessApp" */ = {
			isa = XCConfigurationList;
			buildConfigurations = (
				13B07F941A680F5B00A75B9A /* Debug */,
				13B07F951A680F5B00A75B9A /* Release */,
			);
			defaultConfigurationIsVisible = 0;
			defaultConfigurationName = Release;
		};
		83CBB9FA1A601CBA00E9B192 /* Build configuration list for PBXProject "fitnessApp" */ = {
			isa = XCConfigurationList;
			buildConfigurations = (
				83CBBA201A601CBA00E9B192 /* Debug */,
				83CBBA211A601CBA00E9B192 /* Release */,
			);
			defaultConfigurationIsVisible = 0;
			defaultConfigurationName = Release;
		};
/* End XCConfigurationList section */
	};
	rootObject = 83CBB9F71A601CBA00E9B192 /* Project object */;
}
